// !$*UTF8*$!
{
	archiveVersion = 1;
	classes = {
	};
	objectVersion = 56;
	objects = {

/* Begin PBXBuildFile section */
		B35930F52993F9CE0050B1F3 /* AppDelegate.swift in Sources */ = {isa = PBXBuildFile; fileRef = B35930F42993F9CE0050B1F3 /* AppDelegate.swift */; };
		B35930F72993F9CE0050B1F3 /* SceneDelegate.swift in Sources */ = {isa = PBXBuildFile; fileRef = B35930F62993F9CE0050B1F3 /* SceneDelegate.swift */; };
		B35930F92993F9CE0050B1F3 /* ViewController.swift in Sources */ = {isa = PBXBuildFile; fileRef = B35930F82993F9CE0050B1F3 /* ViewController.swift */; };
		B35930FC2993F9CE0050B1F3 /* Main.storyboard in Resources */ = {isa = PBXBuildFile; fileRef = B35930FA2993F9CE0050B1F3 /* Main.storyboard */; };
		B35931012993F9CE0050B1F3 /* LaunchScreen.storyboard in Resources */ = {isa = PBXBuildFile; fileRef = B35930FF2993F9CE0050B1F3 /* LaunchScreen.storyboard */; };
		B35931092993FA090050B1F3 /* Assets.xcassets in Resources */ = {isa = PBXBuildFile; fileRef = B35931082993FA090050B1F3 /* Assets.xcassets */; };
		B359310D2993FA1A0050B1F3 /* AuthSettings.plist in Resources */ = {isa = PBXBuildFile; fileRef = B359310A2993FA1A0050B1F3 /* AuthSettings.plist */; };
		B359310E2993FA1A0050B1F3 /* ExampleData.swift in Sources */ = {isa = PBXBuildFile; fileRef = B359310B2993FA1A0050B1F3 /* ExampleData.swift */; };
		B359310F2993FA1A0050B1F3 /* data-dummy.json in Resources */ = {isa = PBXBuildFile; fileRef = B359310C2993FA1A0050B1F3 /* data-dummy.json */; };
		B359312C2993FA230050B1F3 /* SidebarView.swift in Sources */ = {isa = PBXBuildFile; fileRef = B35931122993FA230050B1F3 /* SidebarView.swift */; };
		B359312D2993FA230050B1F3 /* SidebarContent.swift in Sources */ = {isa = PBXBuildFile; fileRef = B35931142993FA230050B1F3 /* SidebarContent.swift */; };
		B359312E2993FA230050B1F3 /* SidebarButton.swift in Sources */ = {isa = PBXBuildFile; fileRef = B35931152993FA230050B1F3 /* SidebarButton.swift */; };
		B359312F2993FA230050B1F3 /* HeaderView.swift in Sources */ = {isa = PBXBuildFile; fileRef = B35931162993FA230050B1F3 /* HeaderView.swift */; };
		B35931302993FA230050B1F3 /* ThemeEvent.swift in Sources */ = {isa = PBXBuildFile; fileRef = B35931182993FA230050B1F3 /* ThemeEvent.swift */; };
		B35931312993FA230050B1F3 /* CalendarEvents.swift in Sources */ = {isa = PBXBuildFile; fileRef = B359311A2993FA230050B1F3 /* CalendarEvents.swift */; };
		B35931322993FA230050B1F3 /* DropCalendarDelegate.swift in Sources */ = {isa = PBXBuildFile; fileRef = B359311C2993FA230050B1F3 /* DropCalendarDelegate.swift */; };
		B35931332993FA230050B1F3 /* CalendarManager.swift in Sources */ = {isa = PBXBuildFile; fileRef = B359311D2993FA230050B1F3 /* CalendarManager.swift */; };
		B35931342993FA230050B1F3 /* SidebarNavigationManager.swift in Sources */ = {isa = PBXBuildFile; fileRef = B359311E2993FA230050B1F3 /* SidebarNavigationManager.swift */; };
		B35931352993FA230050B1F3 /* PDV.swift in Sources */ = {isa = PBXBuildFile; fileRef = B35931202993FA230050B1F3 /* PDV.swift */; };
		B35931362993FA230050B1F3 /* PDVWidgetManager.swift in Sources */ = {isa = PBXBuildFile; fileRef = B35931212993FA230050B1F3 /* PDVWidgetManager.swift */; };
		B35931372993FA230050B1F3 /* DropPDVDelegate.swift in Sources */ = {isa = PBXBuildFile; fileRef = B35931222993FA230050B1F3 /* DropPDVDelegate.swift */; };
		B35931382993FA230050B1F3 /* StringProtocolExtension.swift in Sources */ = {isa = PBXBuildFile; fileRef = B35931242993FA230050B1F3 /* StringProtocolExtension.swift */; };
		B35931392993FA230050B1F3 /* UIViewControllerExtension.swift in Sources */ = {isa = PBXBuildFile; fileRef = B35931252993FA230050B1F3 /* UIViewControllerExtension.swift */; };
		B359313A2993FA230050B1F3 /* UIViewExtension.swift in Sources */ = {isa = PBXBuildFile; fileRef = B35931262993FA230050B1F3 /* UIViewExtension.swift */; };
		B359313B2993FA230050B1F3 /* NotificationPaneManager.swift in Sources */ = {isa = PBXBuildFile; fileRef = B35931272993FA230050B1F3 /* NotificationPaneManager.swift */; };
		B359313C2993FA230050B1F3 /* GraphManager.swift in Sources */ = {isa = PBXBuildFile; fileRef = B35931292993FA230050B1F3 /* GraphManager.swift */; };
		B359313D2993FA230050B1F3 /* AuthenticationManager.swift in Sources */ = {isa = PBXBuildFile; fileRef = B359312A2993FA230050B1F3 /* AuthenticationManager.swift */; };
		B359313E2993FA230050B1F3 /* MicrosoftLoginController.swift in Sources */ = {isa = PBXBuildFile; fileRef = B359312B2993FA230050B1F3 /* MicrosoftLoginController.swift */; };
		B3C615C4299BE7A30092DE74 /* HelpView.swift in Sources */ = {isa = PBXBuildFile; fileRef = B3C615A1299BE7A00092DE74 /* HelpView.swift */; };
		B3C615C5299BE7A30092DE74 /* NotificationPaneView.swift in Sources */ = {isa = PBXBuildFile; fileRef = B3C615A3299BE7A10092DE74 /* NotificationPaneView.swift */; };
		B3C615C6299BE7A30092DE74 /* NotificationListView.swift in Sources */ = {isa = PBXBuildFile; fileRef = B3C615A5299BE7A10092DE74 /* NotificationListView.swift */; };
		B3C615C7299BE7A30092DE74 /* NotificationCellView.swift in Sources */ = {isa = PBXBuildFile; fileRef = B3C615A6299BE7A10092DE74 /* NotificationCellView.swift */; };
		B3C615C8299BE7A30092DE74 /* ChatView.swift in Sources */ = {isa = PBXBuildFile; fileRef = B3C615A8299BE7A10092DE74 /* ChatView.swift */; };
		B3C615C9299BE7A30092DE74 /* AgendaView.swift in Sources */ = {isa = PBXBuildFile; fileRef = B3C615AA299BE7A20092DE74 /* AgendaView.swift */; };
		B3C615CA299BE7A30092DE74 /* PDVWidgetView.swift in Sources */ = {isa = PBXBuildFile; fileRef = B3C615AC299BE7A20092DE74 /* PDVWidgetView.swift */; };
		B3C615CB299BE7A30092DE74 /* HomeView.swift in Sources */ = {isa = PBXBuildFile; fileRef = B3C615AD299BE7A20092DE74 /* HomeView.swift */; };
		B3C615CC299BE7A30092DE74 /* CalendarWidget.swift in Sources */ = {isa = PBXBuildFile; fileRef = B3C615AE299BE7A20092DE74 /* CalendarWidget.swift */; };
		B3C615CD299BE7A30092DE74 /* CalendarHeaderView.swift in Sources */ = {isa = PBXBuildFile; fileRef = B3C615B1299BE7A20092DE74 /* CalendarHeaderView.swift */; };
		B3C615CE299BE7A30092DE74 /* TimelineEventView.swift in Sources */ = {isa = PBXBuildFile; fileRef = B3C615B2299BE7A20092DE74 /* TimelineEventView.swift */; };
		B3C615CF299BE7A30092DE74 /* CalendarBodyView.swift in Sources */ = {isa = PBXBuildFile; fileRef = B3C615B3299BE7A20092DE74 /* CalendarBodyView.swift */; };
		B3C615D0299BE7A30092DE74 /* TimelineView.swift in Sources */ = {isa = PBXBuildFile; fileRef = B3C615B4299BE7A20092DE74 /* TimelineView.swift */; };
		B3C615D1299BE7A30092DE74 /* TimelineHourView.swift in Sources */ = {isa = PBXBuildFile; fileRef = B3C615B5299BE7A20092DE74 /* TimelineHourView.swift */; };
		B3C615D2299BE7A30092DE74 /* PDVCardView.swift in Sources */ = {isa = PBXBuildFile; fileRef = B3C615B7299BE7A20092DE74 /* PDVCardView.swift */; };
		B3C615D3299BE7A30092DE74 /* GerenteResumeWidget.swift in Sources */ = {isa = PBXBuildFile; fileRef = B3C615B8299BE7A20092DE74 /* GerenteResumeWidget.swift */; };
		B3C615D4299BE7A30092DE74 /* AcuerdosCircleWidget.swift in Sources */ = {isa = PBXBuildFile; fileRef = B3C615B9299BE7A20092DE74 /* AcuerdosCircleWidget.swift */; };
		B3C615D5299BE7A30092DE74 /* HealthStatusWidget.swift in Sources */ = {isa = PBXBuildFile; fileRef = B3C615BA299BE7A20092DE74 /* HealthStatusWidget.swift */; };
		B3C615D6299BE7A30092DE74 /* ORCWidget.swift in Sources */ = {isa = PBXBuildFile; fileRef = B3C615BB299BE7A20092DE74 /* ORCWidget.swift */; };
		B3C615D7299BE7A30092DE74 /* SortIcon.swift in Sources */ = {isa = PBXBuildFile; fileRef = B3C615BD299BE7A30092DE74 /* SortIcon.swift */; };
		B3C615D8299BE7A30092DE74 /* JustifiedText.swift in Sources */ = {isa = PBXBuildFile; fileRef = B3C615BE299BE7A30092DE74 /* JustifiedText.swift */; };
		B3C615D9299BE7A30092DE74 /* GeometryStackReader.swift in Sources */ = {isa = PBXBuildFile; fileRef = B3C615BF299BE7A30092DE74 /* GeometryStackReader.swift */; };
		B3C615DA299BE7A30092DE74 /* VisitaPDVView.swift in Sources */ = {isa = PBXBuildFile; fileRef = B3C615C1299BE7A30092DE74 /* VisitaPDVView.swift */; };
		B3C615DB299BE7A30092DE74 /* DashboardView.swift in Sources */ = {isa = PBXBuildFile; fileRef = B3C615C3299BE7A30092DE74 /* DashboardView.swift */; };
		B3C615DD299BF17D0092DE74 /* DateExtension.swift in Sources */ = {isa = PBXBuildFile; fileRef = B3C615DC299BF17D0092DE74 /* DateExtension.swift */; };
		F7E7004E05C35C785AB75A2C /* Pods_TGO.framework in Frameworks */ = {isa = PBXBuildFile; fileRef = CB06D5DE57F738734C78C5C5 /* Pods_TGO.framework */; };
/* End PBXBuildFile section */

/* Begin PBXFileReference section */
		85FBDD1A7FF99E5C64FA3D53 /* Pods-TGO.release.xcconfig */ = {isa = PBXFileReference; includeInIndex = 1; lastKnownFileType = text.xcconfig; name = "Pods-TGO.release.xcconfig"; path = "Target Support Files/Pods-TGO/Pods-TGO.release.xcconfig"; sourceTree = "<group>"; };
		B35930F12993F9CE0050B1F3 /* TGO.app */ = {isa = PBXFileReference; explicitFileType = wrapper.application; includeInIndex = 0; path = TGO.app; sourceTree = BUILT_PRODUCTS_DIR; };
		B35930F42993F9CE0050B1F3 /* AppDelegate.swift */ = {isa = PBXFileReference; lastKnownFileType = sourcecode.swift; path = AppDelegate.swift; sourceTree = "<group>"; };
		B35930F62993F9CE0050B1F3 /* SceneDelegate.swift */ = {isa = PBXFileReference; lastKnownFileType = sourcecode.swift; path = SceneDelegate.swift; sourceTree = "<group>"; };
		B35930F82993F9CE0050B1F3 /* ViewController.swift */ = {isa = PBXFileReference; lastKnownFileType = sourcecode.swift; path = ViewController.swift; sourceTree = "<group>"; };
		B35930FB2993F9CE0050B1F3 /* Base */ = {isa = PBXFileReference; lastKnownFileType = file.storyboard; name = Base; path = Base.lproj/Main.storyboard; sourceTree = "<group>"; };
		B35931002993F9CE0050B1F3 /* Base */ = {isa = PBXFileReference; lastKnownFileType = file.storyboard; name = Base; path = Base.lproj/LaunchScreen.storyboard; sourceTree = "<group>"; };
		B35931022993F9CE0050B1F3 /* Info.plist */ = {isa = PBXFileReference; lastKnownFileType = text.plist.xml; path = Info.plist; sourceTree = "<group>"; };
		B35931082993FA090050B1F3 /* Assets.xcassets */ = {isa = PBXFileReference; lastKnownFileType = folder.assetcatalog; path = Assets.xcassets; sourceTree = "<group>"; };
		B359310A2993FA1A0050B1F3 /* AuthSettings.plist */ = {isa = PBXFileReference; fileEncoding = 4; lastKnownFileType = text.plist.xml; path = AuthSettings.plist; sourceTree = "<group>"; };
		B359310B2993FA1A0050B1F3 /* ExampleData.swift */ = {isa = PBXFileReference; fileEncoding = 4; lastKnownFileType = sourcecode.swift; path = ExampleData.swift; sourceTree = "<group>"; };
		B359310C2993FA1A0050B1F3 /* data-dummy.json */ = {isa = PBXFileReference; fileEncoding = 4; lastKnownFileType = text.json; path = "data-dummy.json"; sourceTree = "<group>"; };
		B35931122993FA230050B1F3 /* SidebarView.swift */ = {isa = PBXFileReference; fileEncoding = 4; lastKnownFileType = sourcecode.swift; path = SidebarView.swift; sourceTree = "<group>"; };
		B35931142993FA230050B1F3 /* SidebarContent.swift */ = {isa = PBXFileReference; fileEncoding = 4; lastKnownFileType = sourcecode.swift; path = SidebarContent.swift; sourceTree = "<group>"; };
		B35931152993FA230050B1F3 /* SidebarButton.swift */ = {isa = PBXFileReference; fileEncoding = 4; lastKnownFileType = sourcecode.swift; path = SidebarButton.swift; sourceTree = "<group>"; };
		B35931162993FA230050B1F3 /* HeaderView.swift */ = {isa = PBXFileReference; fileEncoding = 4; lastKnownFileType = sourcecode.swift; path = HeaderView.swift; sourceTree = "<group>"; };
		B35931182993FA230050B1F3 /* ThemeEvent.swift */ = {isa = PBXFileReference; fileEncoding = 4; lastKnownFileType = sourcecode.swift; path = ThemeEvent.swift; sourceTree = "<group>"; };
		B359311A2993FA230050B1F3 /* CalendarEvents.swift */ = {isa = PBXFileReference; fileEncoding = 4; lastKnownFileType = sourcecode.swift; path = CalendarEvents.swift; sourceTree = "<group>"; };
		B359311C2993FA230050B1F3 /* DropCalendarDelegate.swift */ = {isa = PBXFileReference; fileEncoding = 4; lastKnownFileType = sourcecode.swift; path = DropCalendarDelegate.swift; sourceTree = "<group>"; };
		B359311D2993FA230050B1F3 /* CalendarManager.swift */ = {isa = PBXFileReference; fileEncoding = 4; lastKnownFileType = sourcecode.swift; path = CalendarManager.swift; sourceTree = "<group>"; };
		B359311E2993FA230050B1F3 /* SidebarNavigationManager.swift */ = {isa = PBXFileReference; fileEncoding = 4; lastKnownFileType = sourcecode.swift; path = SidebarNavigationManager.swift; sourceTree = "<group>"; };
		B35931202993FA230050B1F3 /* PDV.swift */ = {isa = PBXFileReference; fileEncoding = 4; lastKnownFileType = sourcecode.swift; path = PDV.swift; sourceTree = "<group>"; };
		B35931212993FA230050B1F3 /* PDVWidgetManager.swift */ = {isa = PBXFileReference; fileEncoding = 4; lastKnownFileType = sourcecode.swift; path = PDVWidgetManager.swift; sourceTree = "<group>"; };
		B35931222993FA230050B1F3 /* DropPDVDelegate.swift */ = {isa = PBXFileReference; fileEncoding = 4; lastKnownFileType = sourcecode.swift; path = DropPDVDelegate.swift; sourceTree = "<group>"; };
		B35931242993FA230050B1F3 /* StringProtocolExtension.swift */ = {isa = PBXFileReference; fileEncoding = 4; lastKnownFileType = sourcecode.swift; path = StringProtocolExtension.swift; sourceTree = "<group>"; };
		B35931252993FA230050B1F3 /* UIViewControllerExtension.swift */ = {isa = PBXFileReference; fileEncoding = 4; lastKnownFileType = sourcecode.swift; path = UIViewControllerExtension.swift; sourceTree = "<group>"; };
		B35931262993FA230050B1F3 /* UIViewExtension.swift */ = {isa = PBXFileReference; fileEncoding = 4; lastKnownFileType = sourcecode.swift; path = UIViewExtension.swift; sourceTree = "<group>"; };
		B35931272993FA230050B1F3 /* NotificationPaneManager.swift */ = {isa = PBXFileReference; fileEncoding = 4; lastKnownFileType = sourcecode.swift; path = NotificationPaneManager.swift; sourceTree = "<group>"; };
		B35931292993FA230050B1F3 /* GraphManager.swift */ = {isa = PBXFileReference; fileEncoding = 4; lastKnownFileType = sourcecode.swift; path = GraphManager.swift; sourceTree = "<group>"; };
		B359312A2993FA230050B1F3 /* AuthenticationManager.swift */ = {isa = PBXFileReference; fileEncoding = 4; lastKnownFileType = sourcecode.swift; path = AuthenticationManager.swift; sourceTree = "<group>"; };
		B359312B2993FA230050B1F3 /* MicrosoftLoginController.swift */ = {isa = PBXFileReference; fileEncoding = 4; lastKnownFileType = sourcecode.swift; path = MicrosoftLoginController.swift; sourceTree = "<group>"; };
		B3C615A1299BE7A00092DE74 /* HelpView.swift */ = {isa = PBXFileReference; fileEncoding = 4; lastKnownFileType = sourcecode.swift; path = HelpView.swift; sourceTree = "<group>"; };
		B3C615A3299BE7A10092DE74 /* NotificationPaneView.swift */ = {isa = PBXFileReference; fileEncoding = 4; lastKnownFileType = sourcecode.swift; path = NotificationPaneView.swift; sourceTree = "<group>"; };
		B3C615A5299BE7A10092DE74 /* NotificationListView.swift */ = {isa = PBXFileReference; fileEncoding = 4; lastKnownFileType = sourcecode.swift; path = NotificationListView.swift; sourceTree = "<group>"; };
		B3C615A6299BE7A10092DE74 /* NotificationCellView.swift */ = {isa = PBXFileReference; fileEncoding = 4; lastKnownFileType = sourcecode.swift; path = NotificationCellView.swift; sourceTree = "<group>"; };
		B3C615A8299BE7A10092DE74 /* ChatView.swift */ = {isa = PBXFileReference; fileEncoding = 4; lastKnownFileType = sourcecode.swift; path = ChatView.swift; sourceTree = "<group>"; };
		B3C615AA299BE7A20092DE74 /* AgendaView.swift */ = {isa = PBXFileReference; fileEncoding = 4; lastKnownFileType = sourcecode.swift; path = AgendaView.swift; sourceTree = "<group>"; };
		B3C615AC299BE7A20092DE74 /* PDVWidgetView.swift */ = {isa = PBXFileReference; fileEncoding = 4; lastKnownFileType = sourcecode.swift; path = PDVWidgetView.swift; sourceTree = "<group>"; };
		B3C615AD299BE7A20092DE74 /* HomeView.swift */ = {isa = PBXFileReference; fileEncoding = 4; lastKnownFileType = sourcecode.swift; path = HomeView.swift; sourceTree = "<group>"; };
		B3C615AE299BE7A20092DE74 /* CalendarWidget.swift */ = {isa = PBXFileReference; fileEncoding = 4; lastKnownFileType = sourcecode.swift; path = CalendarWidget.swift; sourceTree = "<group>"; };
		B3C615B1299BE7A20092DE74 /* CalendarHeaderView.swift */ = {isa = PBXFileReference; fileEncoding = 4; lastKnownFileType = sourcecode.swift; path = CalendarHeaderView.swift; sourceTree = "<group>"; };
		B3C615B2299BE7A20092DE74 /* TimelineEventView.swift */ = {isa = PBXFileReference; fileEncoding = 4; lastKnownFileType = sourcecode.swift; path = TimelineEventView.swift; sourceTree = "<group>"; };
		B3C615B3299BE7A20092DE74 /* CalendarBodyView.swift */ = {isa = PBXFileReference; fileEncoding = 4; lastKnownFileType = sourcecode.swift; path = CalendarBodyView.swift; sourceTree = "<group>"; };
		B3C615B4299BE7A20092DE74 /* TimelineView.swift */ = {isa = PBXFileReference; fileEncoding = 4; lastKnownFileType = sourcecode.swift; path = TimelineView.swift; sourceTree = "<group>"; };
		B3C615B5299BE7A20092DE74 /* TimelineHourView.swift */ = {isa = PBXFileReference; fileEncoding = 4; lastKnownFileType = sourcecode.swift; path = TimelineHourView.swift; sourceTree = "<group>"; };
		B3C615B7299BE7A20092DE74 /* PDVCardView.swift */ = {isa = PBXFileReference; fileEncoding = 4; lastKnownFileType = sourcecode.swift; path = PDVCardView.swift; sourceTree = "<group>"; };
		B3C615B8299BE7A20092DE74 /* GerenteResumeWidget.swift */ = {isa = PBXFileReference; fileEncoding = 4; lastKnownFileType = sourcecode.swift; path = GerenteResumeWidget.swift; sourceTree = "<group>"; };
		B3C615B9299BE7A20092DE74 /* AcuerdosCircleWidget.swift */ = {isa = PBXFileReference; fileEncoding = 4; lastKnownFileType = sourcecode.swift; path = AcuerdosCircleWidget.swift; sourceTree = "<group>"; };
		B3C615BA299BE7A20092DE74 /* HealthStatusWidget.swift */ = {isa = PBXFileReference; fileEncoding = 4; lastKnownFileType = sourcecode.swift; path = HealthStatusWidget.swift; sourceTree = "<group>"; };
		B3C615BB299BE7A20092DE74 /* ORCWidget.swift */ = {isa = PBXFileReference; fileEncoding = 4; lastKnownFileType = sourcecode.swift; path = ORCWidget.swift; sourceTree = "<group>"; };
		B3C615BD299BE7A30092DE74 /* SortIcon.swift */ = {isa = PBXFileReference; fileEncoding = 4; lastKnownFileType = sourcecode.swift; path = SortIcon.swift; sourceTree = "<group>"; };
		B3C615BE299BE7A30092DE74 /* JustifiedText.swift */ = {isa = PBXFileReference; fileEncoding = 4; lastKnownFileType = sourcecode.swift; path = JustifiedText.swift; sourceTree = "<group>"; };
		B3C615BF299BE7A30092DE74 /* GeometryStackReader.swift */ = {isa = PBXFileReference; fileEncoding = 4; lastKnownFileType = sourcecode.swift; path = GeometryStackReader.swift; sourceTree = "<group>"; };
		B3C615C1299BE7A30092DE74 /* VisitaPDVView.swift */ = {isa = PBXFileReference; fileEncoding = 4; lastKnownFileType = sourcecode.swift; path = VisitaPDVView.swift; sourceTree = "<group>"; };
		B3C615C3299BE7A30092DE74 /* DashboardView.swift */ = {isa = PBXFileReference; fileEncoding = 4; lastKnownFileType = sourcecode.swift; path = DashboardView.swift; sourceTree = "<group>"; };
		B3C615DC299BF17D0092DE74 /* DateExtension.swift */ = {isa = PBXFileReference; fileEncoding = 4; lastKnownFileType = sourcecode.swift; path = DateExtension.swift; sourceTree = "<group>"; };
		C31EF0446D9CD837034AB7D6 /* Pods-TGO.debug.xcconfig */ = {isa = PBXFileReference; includeInIndex = 1; lastKnownFileType = text.xcconfig; name = "Pods-TGO.debug.xcconfig"; path = "Target Support Files/Pods-TGO/Pods-TGO.debug.xcconfig"; sourceTree = "<group>"; };
		CB06D5DE57F738734C78C5C5 /* Pods_TGO.framework */ = {isa = PBXFileReference; explicitFileType = wrapper.framework; includeInIndex = 0; path = Pods_TGO.framework; sourceTree = BUILT_PRODUCTS_DIR; };
/* End PBXFileReference section */

/* Begin PBXFrameworksBuildPhase section */
		B35930EE2993F9CE0050B1F3 /* Frameworks */ = {
			isa = PBXFrameworksBuildPhase;
			buildActionMask = 2147483647;
			files = (
				F7E7004E05C35C785AB75A2C /* Pods_TGO.framework in Frameworks */,
			);
			runOnlyForDeploymentPostprocessing = 0;
		};
/* End PBXFrameworksBuildPhase section */

/* Begin PBXGroup section */
		A91A27A6BE3403A656566FC7 /* Frameworks */ = {
			isa = PBXGroup;
			children = (
				CB06D5DE57F738734C78C5C5 /* Pods_TGO.framework */,
			);
			name = Frameworks;
			sourceTree = "<group>";
		};
		B35930E82993F9CE0050B1F3 = {
			isa = PBXGroup;
			children = (
				B35930F32993F9CE0050B1F3 /* TGO */,
				B35930F22993F9CE0050B1F3 /* Products */,
				CB8C622C0879ECE06A89974E /* Pods */,
				A91A27A6BE3403A656566FC7 /* Frameworks */,
			);
			sourceTree = "<group>";
		};
		B35930F22993F9CE0050B1F3 /* Products */ = {
			isa = PBXGroup;
			children = (
				B35930F12993F9CE0050B1F3 /* TGO.app */,
			);
			name = Products;
			sourceTree = "<group>";
		};
		B35930F32993F9CE0050B1F3 /* TGO */ = {
			isa = PBXGroup;
			children = (
				B359310C2993FA1A0050B1F3 /* data-dummy.json */,
				B359310A2993FA1A0050B1F3 /* AuthSettings.plist */,
				B35931022993F9CE0050B1F3 /* Info.plist */,
				B35930F42993F9CE0050B1F3 /* AppDelegate.swift */,
				B359310B2993FA1A0050B1F3 /* ExampleData.swift */,
				B35930F62993F9CE0050B1F3 /* SceneDelegate.swift */,
				B35930F82993F9CE0050B1F3 /* ViewController.swift */,
				B35931082993FA090050B1F3 /* Assets.xcassets */,
				B35930FF2993F9CE0050B1F3 /* LaunchScreen.storyboard */,
				B35930FA2993F9CE0050B1F3 /* Main.storyboard */,
				B35931172993FA230050B1F3 /* Models */,
				B35931102993FA230050B1F3 /* Views */,
			);
			path = TGO;
			sourceTree = "<group>";
		};
		B35931102993FA230050B1F3 /* Views */ = {
			isa = PBXGroup;
			children = (
				B35931162993FA230050B1F3 /* HeaderView.swift */,
				B3C615A9299BE7A20092DE74 /* Agenda */,
				B3C615A0299BE7A00092DE74 /* Ayuda */,
				B3C615A7299BE7A10092DE74 /* Chat */,
				B3C615C2299BE7A30092DE74 /* Dashboard */,
				B3C615AB299BE7A20092DE74 /* Home */,
				B3C615A2299BE7A10092DE74 /* NotificationPane */,
				B3C615BC299BE7A30092DE74 /* Shared */,
				B35931112993FA230050B1F3 /* Sidebar */,
				B3C615C0299BE7A30092DE74 /* VisitaPDV */,
			);
			path = Views;
			sourceTree = "<group>";
		};
		B35931112993FA230050B1F3 /* Sidebar */ = {
			isa = PBXGroup;
			children = (
				B35931122993FA230050B1F3 /* SidebarView.swift */,
				B35931132993FA230050B1F3 /* Components */,
			);
			path = Sidebar;
			sourceTree = "<group>";
		};
		B35931132993FA230050B1F3 /* Components */ = {
			isa = PBXGroup;
			children = (
				B35931152993FA230050B1F3 /* SidebarButton.swift */,
				B35931142993FA230050B1F3 /* SidebarContent.swift */,
			);
			path = Components;
			sourceTree = "<group>";
		};
		B35931172993FA230050B1F3 /* Models */ = {
			isa = PBXGroup;
			children = (
				B35931272993FA230050B1F3 /* NotificationPaneManager.swift */,
				B359311E2993FA230050B1F3 /* SidebarNavigationManager.swift */,
				B35931182993FA230050B1F3 /* ThemeEvent.swift */,
				B35931192993FA230050B1F3 /* Calendar */,
				B35931232993FA230050B1F3 /* Extensions */,
				B35931282993FA230050B1F3 /* Outlook */,
				B359311F2993FA230050B1F3 /* PDVWidget */,
			);
			path = Models;
			sourceTree = "<group>";
		};
		B35931192993FA230050B1F3 /* Calendar */ = {
			isa = PBXGroup;
			children = (
				B359311A2993FA230050B1F3 /* CalendarEvents.swift */,
				B359311D2993FA230050B1F3 /* CalendarManager.swift */,
				B359311B2993FA230050B1F3 /* CalendarWidget */,
			);
			path = Calendar;
			sourceTree = "<group>";
		};
		B359311B2993FA230050B1F3 /* CalendarWidget */ = {
			isa = PBXGroup;
			children = (
				B359311C2993FA230050B1F3 /* DropCalendarDelegate.swift */,
			);
			path = CalendarWidget;
			sourceTree = "<group>";
		};
		B359311F2993FA230050B1F3 /* PDVWidget */ = {
			isa = PBXGroup;
			children = (
				B35931222993FA230050B1F3 /* DropPDVDelegate.swift */,
				B35931202993FA230050B1F3 /* PDV.swift */,
				B35931212993FA230050B1F3 /* PDVWidgetManager.swift */,
			);
			path = PDVWidget;
			sourceTree = "<group>";
		};
		B35931232993FA230050B1F3 /* Extensions */ = {
			isa = PBXGroup;
			children = (
				B3C615DC299BF17D0092DE74 /* DateExtension.swift */,
				B35931242993FA230050B1F3 /* StringProtocolExtension.swift */,
				B35931252993FA230050B1F3 /* UIViewControllerExtension.swift */,
				B35931262993FA230050B1F3 /* UIViewExtension.swift */,
			);
			path = Extensions;
			sourceTree = "<group>";
		};
		B35931282993FA230050B1F3 /* Outlook */ = {
			isa = PBXGroup;
			children = (
				B359312A2993FA230050B1F3 /* AuthenticationManager.swift */,
				B35931292993FA230050B1F3 /* GraphManager.swift */,
				B359312B2993FA230050B1F3 /* MicrosoftLoginController.swift */,
			);
			path = Outlook;
			sourceTree = "<group>";
		};
		B3C615A0299BE7A00092DE74 /* Ayuda */ = {
			isa = PBXGroup;
			children = (
				B3C615A1299BE7A00092DE74 /* HelpView.swift */,
			);
			path = Ayuda;
			sourceTree = "<group>";
		};
		B3C615A2299BE7A10092DE74 /* NotificationPane */ = {
			isa = PBXGroup;
			children = (
				B3C615A3299BE7A10092DE74 /* NotificationPaneView.swift */,
				B3C615A4299BE7A10092DE74 /* Components */,
			);
			path = NotificationPane;
			sourceTree = "<group>";
		};
		B3C615A4299BE7A10092DE74 /* Components */ = {
			isa = PBXGroup;
			children = (
				B3C615A5299BE7A10092DE74 /* NotificationListView.swift */,
				B3C615A6299BE7A10092DE74 /* NotificationCellView.swift */,
			);
			path = Components;
			sourceTree = "<group>";
		};
		B3C615A7299BE7A10092DE74 /* Chat */ = {
			isa = PBXGroup;
			children = (
				B3C615A8299BE7A10092DE74 /* ChatView.swift */,
			);
			path = Chat;
			sourceTree = "<group>";
		};
		B3C615A9299BE7A20092DE74 /* Agenda */ = {
			isa = PBXGroup;
			children = (
				B3C615AA299BE7A20092DE74 /* AgendaView.swift */,
			);
			path = Agenda;
			sourceTree = "<group>";
		};
		B3C615AB299BE7A20092DE74 /* Home */ = {
			isa = PBXGroup;
			children = (
				B3C615AC299BE7A20092DE74 /* PDVWidgetView.swift */,
				B3C615AD299BE7A20092DE74 /* HomeView.swift */,
				B3C615AE299BE7A20092DE74 /* CalendarWidget.swift */,
				B3C615AF299BE7A20092DE74 /* Components */,
			);
			path = Home;
			sourceTree = "<group>";
		};
		B3C615AF299BE7A20092DE74 /* Components */ = {
			isa = PBXGroup;
			children = (
				B3C615B0299BE7A20092DE74 /* Calendar */,
				B3C615B6299BE7A20092DE74 /* PDVCard */,
			);
			path = Components;
			sourceTree = "<group>";
		};
		B3C615B0299BE7A20092DE74 /* Calendar */ = {
			isa = PBXGroup;
			children = (
				B3C615B1299BE7A20092DE74 /* CalendarHeaderView.swift */,
				B3C615B2299BE7A20092DE74 /* TimelineEventView.swift */,
				B3C615B3299BE7A20092DE74 /* CalendarBodyView.swift */,
				B3C615B4299BE7A20092DE74 /* TimelineView.swift */,
				B3C615B5299BE7A20092DE74 /* TimelineHourView.swift */,
			);
			path = Calendar;
			sourceTree = "<group>";
		};
		B3C615B6299BE7A20092DE74 /* PDVCard */ = {
			isa = PBXGroup;
			children = (
				B3C615B7299BE7A20092DE74 /* PDVCardView.swift */,
				B3C615B8299BE7A20092DE74 /* GerenteResumeWidget.swift */,
				B3C615B9299BE7A20092DE74 /* AcuerdosCircleWidget.swift */,
				B3C615BA299BE7A20092DE74 /* HealthStatusWidget.swift */,
				B3C615BB299BE7A20092DE74 /* ORCWidget.swift */,
			);
			path = PDVCard;
			sourceTree = "<group>";
		};
		B3C615BC299BE7A30092DE74 /* Shared */ = {
			isa = PBXGroup;
			children = (
				B3C615BD299BE7A30092DE74 /* SortIcon.swift */,
				B3C615BE299BE7A30092DE74 /* JustifiedText.swift */,
				B3C615BF299BE7A30092DE74 /* GeometryStackReader.swift */,
			);
			path = Shared;
			sourceTree = "<group>";
		};
		B3C615C0299BE7A30092DE74 /* VisitaPDV */ = {
			isa = PBXGroup;
			children = (
				B3C615C1299BE7A30092DE74 /* VisitaPDVView.swift */,
			);
			path = VisitaPDV;
			sourceTree = "<group>";
		};
		B3C615C2299BE7A30092DE74 /* Dashboard */ = {
			isa = PBXGroup;
			children = (
				B3C615C3299BE7A30092DE74 /* DashboardView.swift */,
			);
			path = Dashboard;
			sourceTree = "<group>";
		};
		CB8C622C0879ECE06A89974E /* Pods */ = {
			isa = PBXGroup;
			children = (
				C31EF0446D9CD837034AB7D6 /* Pods-TGO.debug.xcconfig */,
				85FBDD1A7FF99E5C64FA3D53 /* Pods-TGO.release.xcconfig */,
			);
			path = Pods;
			sourceTree = "<group>";
		};
/* End PBXGroup section */

/* Begin PBXNativeTarget section */
		B35930F02993F9CE0050B1F3 /* TGO */ = {
			isa = PBXNativeTarget;
			buildConfigurationList = B35931052993F9CE0050B1F3 /* Build configuration list for PBXNativeTarget "TGO" */;
			buildPhases = (
				40D824421270C143B6876F6E /* [CP] Check Pods Manifest.lock */,
				B35930ED2993F9CE0050B1F3 /* Sources */,
				B35930EE2993F9CE0050B1F3 /* Frameworks */,
				B35930EF2993F9CE0050B1F3 /* Resources */,
				2A682134AAF36A055CB8F107 /* [CP] Embed Pods Frameworks */,
			);
			buildRules = (
			);
			dependencies = (
			);
			name = TGO;
			productName = TGO;
			productReference = B35930F12993F9CE0050B1F3 /* TGO.app */;
			productType = "com.apple.product-type.application";
		};
/* End PBXNativeTarget section */

/* Begin PBXProject section */
		B35930E92993F9CE0050B1F3 /* Project object */ = {
			isa = PBXProject;
			attributes = {
				BuildIndependentTargetsInParallel = 1;
				LastSwiftUpdateCheck = 1420;
				LastUpgradeCheck = 1420;
				TargetAttributes = {
					B35930F02993F9CE0050B1F3 = {
						CreatedOnToolsVersion = 14.2;
					};
				};
			};
			buildConfigurationList = B35930EC2993F9CE0050B1F3 /* Build configuration list for PBXProject "TGO" */;
			compatibilityVersion = "Xcode 14.0";
			developmentRegion = en;
			hasScannedForEncodings = 0;
			knownRegions = (
				en,
				Base,
			);
			mainGroup = B35930E82993F9CE0050B1F3;
			productRefGroup = B35930F22993F9CE0050B1F3 /* Products */;
			projectDirPath = "";
			projectRoot = "";
			targets = (
				B35930F02993F9CE0050B1F3 /* TGO */,
			);
		};
/* End PBXProject section */

/* Begin PBXResourcesBuildPhase section */
		B35930EF2993F9CE0050B1F3 /* Resources */ = {
			isa = PBXResourcesBuildPhase;
			buildActionMask = 2147483647;
			files = (
				B359310F2993FA1A0050B1F3 /* data-dummy.json in Resources */,
				B35931012993F9CE0050B1F3 /* LaunchScreen.storyboard in Resources */,
				B35931092993FA090050B1F3 /* Assets.xcassets in Resources */,
				B35930FC2993F9CE0050B1F3 /* Main.storyboard in Resources */,
				B359310D2993FA1A0050B1F3 /* AuthSettings.plist in Resources */,
			);
			runOnlyForDeploymentPostprocessing = 0;
		};
/* End PBXResourcesBuildPhase section */

/* Begin PBXShellScriptBuildPhase section */
		2A682134AAF36A055CB8F107 /* [CP] Embed Pods Frameworks */ = {
			isa = PBXShellScriptBuildPhase;
			buildActionMask = 2147483647;
			files = (
			);
			inputFileListPaths = (
				"${PODS_ROOT}/Target Support Files/Pods-TGO/Pods-TGO-frameworks-${CONFIGURATION}-input-files.xcfilelist",
			);
			name = "[CP] Embed Pods Frameworks";
			outputFileListPaths = (
				"${PODS_ROOT}/Target Support Files/Pods-TGO/Pods-TGO-frameworks-${CONFIGURATION}-output-files.xcfilelist",
			);
			runOnlyForDeploymentPostprocessing = 0;
			shellPath = /bin/sh;
			shellScript = "\"${PODS_ROOT}/Target Support Files/Pods-TGO/Pods-TGO-frameworks.sh\"\n";
			showEnvVarsInLog = 0;
		};
		40D824421270C143B6876F6E /* [CP] Check Pods Manifest.lock */ = {
			isa = PBXShellScriptBuildPhase;
			buildActionMask = 2147483647;
			files = (
			);
			inputFileListPaths = (
			);
			inputPaths = (
				"${PODS_PODFILE_DIR_PATH}/Podfile.lock",
				"${PODS_ROOT}/Manifest.lock",
			);
			name = "[CP] Check Pods Manifest.lock";
			outputFileListPaths = (
			);
			outputPaths = (
				"$(DERIVED_FILE_DIR)/Pods-TGO-checkManifestLockResult.txt",
			);
			runOnlyForDeploymentPostprocessing = 0;
			shellPath = /bin/sh;
			shellScript = "diff \"${PODS_PODFILE_DIR_PATH}/Podfile.lock\" \"${PODS_ROOT}/Manifest.lock\" > /dev/null\nif [ $? != 0 ] ; then\n    # print error to STDERR\n    echo \"error: The sandbox is not in sync with the Podfile.lock. Run 'pod install' or update your CocoaPods installation.\" >&2\n    exit 1\nfi\n# This output is used by Xcode 'outputs' to avoid re-running this script phase.\necho \"SUCCESS\" > \"${SCRIPT_OUTPUT_FILE_0}\"\n";
			showEnvVarsInLog = 0;
		};
/* End PBXShellScriptBuildPhase section */

/* Begin PBXSourcesBuildPhase section */
		B35930ED2993F9CE0050B1F3 /* Sources */ = {
			isa = PBXSourcesBuildPhase;
			buildActionMask = 2147483647;
			files = (
				B35931352993FA230050B1F3 /* PDV.swift in Sources */,
				B35930F92993F9CE0050B1F3 /* ViewController.swift in Sources */,
				B35931392993FA230050B1F3 /* UIViewControllerExtension.swift in Sources */,
				B3C615D2299BE7A30092DE74 /* PDVCardView.swift in Sources */,
				B359312E2993FA230050B1F3 /* SidebarButton.swift in Sources */,
				B3C615C8299BE7A30092DE74 /* ChatView.swift in Sources */,
				B35930F52993F9CE0050B1F3 /* AppDelegate.swift in Sources */,
				B359312D2993FA230050B1F3 /* SidebarContent.swift in Sources */,
				B3C615D0299BE7A30092DE74 /* TimelineView.swift in Sources */,
				B3C615D9299BE7A30092DE74 /* GeometryStackReader.swift in Sources */,
				B3C615D7299BE7A30092DE74 /* SortIcon.swift in Sources */,
				B3C615D3299BE7A30092DE74 /* GerenteResumeWidget.swift in Sources */,
				B359313C2993FA230050B1F3 /* GraphManager.swift in Sources */,
				B359313B2993FA230050B1F3 /* NotificationPaneManager.swift in Sources */,
				B35931342993FA230050B1F3 /* SidebarNavigationManager.swift in Sources */,
				B3C615D8299BE7A30092DE74 /* JustifiedText.swift in Sources */,
				B359312C2993FA230050B1F3 /* SidebarView.swift in Sources */,
				B3C615D1299BE7A30092DE74 /* TimelineHourView.swift in Sources */,
				B359310E2993FA1A0050B1F3 /* ExampleData.swift in Sources */,
				B35931312993FA230050B1F3 /* CalendarEvents.swift in Sources */,
				B3C615D5299BE7A30092DE74 /* HealthStatusWidget.swift in Sources */,
				B3C615CC299BE7A30092DE74 /* CalendarWidget.swift in Sources */,
				B3C615CA299BE7A30092DE74 /* PDVWidgetView.swift in Sources */,
				B3C615DB299BE7A30092DE74 /* DashboardView.swift in Sources */,
				B3C615C9299BE7A30092DE74 /* AgendaView.swift in Sources */,
				B3C615DD299BF17D0092DE74 /* DateExtension.swift in Sources */,
				B3C615CD299BE7A30092DE74 /* CalendarHeaderView.swift in Sources */,
				B35931382993FA230050B1F3 /* StringProtocolExtension.swift in Sources */,
				B3C615CB299BE7A30092DE74 /* HomeView.swift in Sources */,
				B3C615C4299BE7A30092DE74 /* HelpView.swift in Sources */,
				B359313D2993FA230050B1F3 /* AuthenticationManager.swift in Sources */,
				B35931322993FA230050B1F3 /* DropCalendarDelegate.swift in Sources */,
				B3C615CE299BE7A30092DE74 /* TimelineEventView.swift in Sources */,
				B35931372993FA230050B1F3 /* DropPDVDelegate.swift in Sources */,
				B3C615C6299BE7A30092DE74 /* NotificationListView.swift in Sources */,
				B359313E2993FA230050B1F3 /* MicrosoftLoginController.swift in Sources */,
				B3C615C5299BE7A30092DE74 /* NotificationPaneView.swift in Sources */,
				B359313A2993FA230050B1F3 /* UIViewExtension.swift in Sources */,
				B35930F72993F9CE0050B1F3 /* SceneDelegate.swift in Sources */,
				B3C615DA299BE7A30092DE74 /* VisitaPDVView.swift in Sources */,
				B3C615D6299BE7A30092DE74 /* ORCWidget.swift in Sources */,
				B3C615D4299BE7A30092DE74 /* AcuerdosCircleWidget.swift in Sources */,
				B35931362993FA230050B1F3 /* PDVWidgetManager.swift in Sources */,
				B3C615C7299BE7A30092DE74 /* NotificationCellView.swift in Sources */,
				B35931332993FA230050B1F3 /* CalendarManager.swift in Sources */,
				B3C615CF299BE7A30092DE74 /* CalendarBodyView.swift in Sources */,
				B35931302993FA230050B1F3 /* ThemeEvent.swift in Sources */,
				B359312F2993FA230050B1F3 /* HeaderView.swift in Sources */,
			);
			runOnlyForDeploymentPostprocessing = 0;
		};
/* End PBXSourcesBuildPhase section */

/* Begin PBXVariantGroup section */
		B35930FA2993F9CE0050B1F3 /* Main.storyboard */ = {
			isa = PBXVariantGroup;
			children = (
				B35930FB2993F9CE0050B1F3 /* Base */,
			);
			name = Main.storyboard;
			sourceTree = "<group>";
		};
		B35930FF2993F9CE0050B1F3 /* LaunchScreen.storyboard */ = {
			isa = PBXVariantGroup;
			children = (
				B35931002993F9CE0050B1F3 /* Base */,
			);
			name = LaunchScreen.storyboard;
			sourceTree = "<group>";
		};
/* End PBXVariantGroup section */

/* Begin XCBuildConfiguration section */
		B35931032993F9CE0050B1F3 /* Debug */ = {
			isa = XCBuildConfiguration;
			buildSettings = {
				ALWAYS_SEARCH_USER_PATHS = NO;
				CLANG_ANALYZER_NONNULL = YES;
				CLANG_ANALYZER_NUMBER_OBJECT_CONVERSION = YES_AGGRESSIVE;
				CLANG_CXX_LANGUAGE_STANDARD = "gnu++20";
				CLANG_ENABLE_MODULES = YES;
				CLANG_ENABLE_OBJC_ARC = YES;
				CLANG_ENABLE_OBJC_WEAK = YES;
				CLANG_WARN_BLOCK_CAPTURE_AUTORELEASING = YES;
				CLANG_WARN_BOOL_CONVERSION = YES;
				CLANG_WARN_COMMA = YES;
				CLANG_WARN_CONSTANT_CONVERSION = YES;
				CLANG_WARN_DEPRECATED_OBJC_IMPLEMENTATIONS = YES;
				CLANG_WARN_DIRECT_OBJC_ISA_USAGE = YES_ERROR;
				CLANG_WARN_DOCUMENTATION_COMMENTS = YES;
				CLANG_WARN_EMPTY_BODY = YES;
				CLANG_WARN_ENUM_CONVERSION = YES;
				CLANG_WARN_INFINITE_RECURSION = YES;
				CLANG_WARN_INT_CONVERSION = YES;
				CLANG_WARN_NON_LITERAL_NULL_CONVERSION = YES;
				CLANG_WARN_OBJC_IMPLICIT_RETAIN_SELF = YES;
				CLANG_WARN_OBJC_LITERAL_CONVERSION = YES;
				CLANG_WARN_OBJC_ROOT_CLASS = YES_ERROR;
				CLANG_WARN_QUOTED_INCLUDE_IN_FRAMEWORK_HEADER = YES;
				CLANG_WARN_RANGE_LOOP_ANALYSIS = YES;
				CLANG_WARN_STRICT_PROTOTYPES = YES;
				CLANG_WARN_SUSPICIOUS_MOVE = YES;
				CLANG_WARN_UNGUARDED_AVAILABILITY = YES_AGGRESSIVE;
				CLANG_WARN_UNREACHABLE_CODE = YES;
				CLANG_WARN__DUPLICATE_METHOD_MATCH = YES;
				COPY_PHASE_STRIP = NO;
				DEBUG_INFORMATION_FORMAT = dwarf;
				ENABLE_STRICT_OBJC_MSGSEND = YES;
				ENABLE_TESTABILITY = YES;
				GCC_C_LANGUAGE_STANDARD = gnu11;
				GCC_DYNAMIC_NO_PIC = NO;
				GCC_NO_COMMON_BLOCKS = YES;
				GCC_OPTIMIZATION_LEVEL = 0;
				GCC_PREPROCESSOR_DEFINITIONS = (
					"DEBUG=1",
					"$(inherited)",
				);
				GCC_WARN_64_TO_32_BIT_CONVERSION = YES;
				GCC_WARN_ABOUT_RETURN_TYPE = YES_ERROR;
				GCC_WARN_UNDECLARED_SELECTOR = YES;
				GCC_WARN_UNINITIALIZED_AUTOS = YES_AGGRESSIVE;
				GCC_WARN_UNUSED_FUNCTION = YES;
				GCC_WARN_UNUSED_VARIABLE = YES;
				IPHONEOS_DEPLOYMENT_TARGET = 16.2;
				MTL_ENABLE_DEBUG_INFO = INCLUDE_SOURCE;
				MTL_FAST_MATH = YES;
				ONLY_ACTIVE_ARCH = YES;
				SDKROOT = iphoneos;
				SWIFT_ACTIVE_COMPILATION_CONDITIONS = DEBUG;
				SWIFT_OPTIMIZATION_LEVEL = "-Onone";
			};
			name = Debug;
		};
		B35931042993F9CE0050B1F3 /* Release */ = {
			isa = XCBuildConfiguration;
			buildSettings = {
				ALWAYS_SEARCH_USER_PATHS = NO;
				CLANG_ANALYZER_NONNULL = YES;
				CLANG_ANALYZER_NUMBER_OBJECT_CONVERSION = YES_AGGRESSIVE;
				CLANG_CXX_LANGUAGE_STANDARD = "gnu++20";
				CLANG_ENABLE_MODULES = YES;
				CLANG_ENABLE_OBJC_ARC = YES;
				CLANG_ENABLE_OBJC_WEAK = YES;
				CLANG_WARN_BLOCK_CAPTURE_AUTORELEASING = YES;
				CLANG_WARN_BOOL_CONVERSION = YES;
				CLANG_WARN_COMMA = YES;
				CLANG_WARN_CONSTANT_CONVERSION = YES;
				CLANG_WARN_DEPRECATED_OBJC_IMPLEMENTATIONS = YES;
				CLANG_WARN_DIRECT_OBJC_ISA_USAGE = YES_ERROR;
				CLANG_WARN_DOCUMENTATION_COMMENTS = YES;
				CLANG_WARN_EMPTY_BODY = YES;
				CLANG_WARN_ENUM_CONVERSION = YES;
				CLANG_WARN_INFINITE_RECURSION = YES;
				CLANG_WARN_INT_CONVERSION = YES;
				CLANG_WARN_NON_LITERAL_NULL_CONVERSION = YES;
				CLANG_WARN_OBJC_IMPLICIT_RETAIN_SELF = YES;
				CLANG_WARN_OBJC_LITERAL_CONVERSION = YES;
				CLANG_WARN_OBJC_ROOT_CLASS = YES_ERROR;
				CLANG_WARN_QUOTED_INCLUDE_IN_FRAMEWORK_HEADER = YES;
				CLANG_WARN_RANGE_LOOP_ANALYSIS = YES;
				CLANG_WARN_STRICT_PROTOTYPES = YES;
				CLANG_WARN_SUSPICIOUS_MOVE = YES;
				CLANG_WARN_UNGUARDED_AVAILABILITY = YES_AGGRESSIVE;
				CLANG_WARN_UNREACHABLE_CODE = YES;
				CLANG_WARN__DUPLICATE_METHOD_MATCH = YES;
				COPY_PHASE_STRIP = NO;
				DEBUG_INFORMATION_FORMAT = "dwarf-with-dsym";
				ENABLE_NS_ASSERTIONS = NO;
				ENABLE_STRICT_OBJC_MSGSEND = YES;
				GCC_C_LANGUAGE_STANDARD = gnu11;
				GCC_NO_COMMON_BLOCKS = YES;
				GCC_WARN_64_TO_32_BIT_CONVERSION = YES;
				GCC_WARN_ABOUT_RETURN_TYPE = YES_ERROR;
				GCC_WARN_UNDECLARED_SELECTOR = YES;
				GCC_WARN_UNINITIALIZED_AUTOS = YES_AGGRESSIVE;
				GCC_WARN_UNUSED_FUNCTION = YES;
				GCC_WARN_UNUSED_VARIABLE = YES;
				IPHONEOS_DEPLOYMENT_TARGET = 16.2;
				MTL_ENABLE_DEBUG_INFO = NO;
				MTL_FAST_MATH = YES;
				SDKROOT = iphoneos;
				SWIFT_COMPILATION_MODE = wholemodule;
				SWIFT_OPTIMIZATION_LEVEL = "-O";
				VALIDATE_PRODUCT = YES;
			};
			name = Release;
		};
		B35931062993F9CE0050B1F3 /* Debug */ = {
			isa = XCBuildConfiguration;
			baseConfigurationReference = C31EF0446D9CD837034AB7D6 /* Pods-TGO.debug.xcconfig */;
			buildSettings = {
				ASSETCATALOG_COMPILER_APPICON_NAME = AppIcon;
				ASSETCATALOG_COMPILER_GLOBAL_ACCENT_COLOR_NAME = AccentColor;
				CODE_SIGN_STYLE = Automatic;
				CURRENT_PROJECT_VERSION = 1;
				DEVELOPMENT_TEAM = DTR7V322S6;
				GENERATE_INFOPLIST_FILE = YES;
				INFOPLIST_FILE = TGO/Info.plist;
				INFOPLIST_KEY_UIApplicationSupportsIndirectInputEvents = YES;
				INFOPLIST_KEY_UILaunchStoryboardName = LaunchScreen;
				INFOPLIST_KEY_UIMainStoryboardFile = Main;
				INFOPLIST_KEY_UISupportedInterfaceOrientations_iPad = "UIInterfaceOrientationPortrait UIInterfaceOrientationPortraitUpsideDown UIInterfaceOrientationLandscapeLeft UIInterfaceOrientationLandscapeRight";
				INFOPLIST_KEY_UISupportedInterfaceOrientations_iPhone = "UIInterfaceOrientationPortrait UIInterfaceOrientationLandscapeLeft UIInterfaceOrientationLandscapeRight";
				IPHONEOS_DEPLOYMENT_TARGET = 13.0;
				LD_RUNPATH_SEARCH_PATHS = (
					"$(inherited)",
					"@executable_path/Frameworks",
				);
				MARKETING_VERSION = 1.0;
				PRODUCT_BUNDLE_IDENTIFIER = com.corack.TGO;
				PRODUCT_NAME = "$(TARGET_NAME)";
				SWIFT_EMIT_LOC_STRINGS = YES;
				SWIFT_VERSION = 5.0;
				TARGETED_DEVICE_FAMILY = "1,2";
			};
			name = Debug;
		};
		B35931072993F9CE0050B1F3 /* Release */ = {
			isa = XCBuildConfiguration;
			baseConfigurationReference = 85FBDD1A7FF99E5C64FA3D53 /* Pods-TGO.release.xcconfig */;
			buildSettings = {
				ASSETCATALOG_COMPILER_APPICON_NAME = AppIcon;
				ASSETCATALOG_COMPILER_GLOBAL_ACCENT_COLOR_NAME = AccentColor;
				CODE_SIGN_STYLE = Automatic;
				CURRENT_PROJECT_VERSION = 1;
				DEVELOPMENT_TEAM = DTR7V322S6;
				GENERATE_INFOPLIST_FILE = YES;
				INFOPLIST_FILE = TGO/Info.plist;
				INFOPLIST_KEY_UIApplicationSupportsIndirectInputEvents = YES;
				INFOPLIST_KEY_UILaunchStoryboardName = LaunchScreen;
				INFOPLIST_KEY_UIMainStoryboardFile = Main;
				INFOPLIST_KEY_UISupportedInterfaceOrientations_iPad = "UIInterfaceOrientationPortrait UIInterfaceOrientationPortraitUpsideDown UIInterfaceOrientationLandscapeLeft UIInterfaceOrientationLandscapeRight";
				INFOPLIST_KEY_UISupportedInterfaceOrientations_iPhone = "UIInterfaceOrientationPortrait UIInterfaceOrientationLandscapeLeft UIInterfaceOrientationLandscapeRight";
				IPHONEOS_DEPLOYMENT_TARGET = 13.0;
				LD_RUNPATH_SEARCH_PATHS = (
					"$(inherited)",
					"@executable_path/Frameworks",
				);
				MARKETING_VERSION = 1.0;
				PRODUCT_BUNDLE_IDENTIFIER = com.corack.TGO;
				PRODUCT_NAME = "$(TARGET_NAME)";
				SWIFT_EMIT_LOC_STRINGS = YES;
				SWIFT_VERSION = 5.0;
				TARGETED_DEVICE_FAMILY = "1,2";
			};
			name = Release;
		};
/* End XCBuildConfiguration section */

/* Begin XCConfigurationList section */
		B35930EC2993F9CE0050B1F3 /* Build configuration list for PBXProject "TGO" */ = {
			isa = XCConfigurationList;
			buildConfigurations = (
				B35931032993F9CE0050B1F3 /* Debug */,
				B35931042993F9CE0050B1F3 /* Release */,
			);
			defaultConfigurationIsVisible = 0;
			defaultConfigurationName = Release;
		};
		B35931052993F9CE0050B1F3 /* Build configuration list for PBXNativeTarget "TGO" */ = {
			isa = XCConfigurationList;
			buildConfigurations = (
				B35931062993F9CE0050B1F3 /* Debug */,
				B35931072993F9CE0050B1F3 /* Release */,
			);
			defaultConfigurationIsVisible = 0;
			defaultConfigurationName = Release;
		};
/* End XCConfigurationList section */
	};
	rootObject = B35930E92993F9CE0050B1F3 /* Project object */;
}
